// !$*UTF8*$!
{
	archiveVersion = 1;
	classes = {
	};
	objectVersion = 48;
	objects = {

/* Begin PBXBuildFile section */
		4FEBCE8B21D878F000DBDDF9 /* AppDelegate.swift in Sources */ = {isa = PBXBuildFile; fileRef = 4FEBCE8A21D878F000DBDDF9 /* AppDelegate.swift */; };
		4FEBCE8D21D878F000DBDDF9 /* ViewController.swift in Sources */ = {isa = PBXBuildFile; fileRef = 4FEBCE8C21D878F000DBDDF9 /* ViewController.swift */; };
		4FEBCE9021D878F000DBDDF9 /* Main.storyboard in Resources */ = {isa = PBXBuildFile; fileRef = 4FEBCE8E21D878F000DBDDF9 /* Main.storyboard */; };
		4FEBCE9221D878F000DBDDF9 /* Assets.xcassets in Resources */ = {isa = PBXBuildFile; fileRef = 4FEBCE9121D878F000DBDDF9 /* Assets.xcassets */; };
		4FEBCE9521D878F000DBDDF9 /* LaunchScreen.storyboard in Resources */ = {isa = PBXBuildFile; fileRef = 4FEBCE9321D878F000DBDDF9 /* LaunchScreen.storyboard */; };
		4FEBCE9E21D87CCE00DBDDF9 /* MapKit.framework in Frameworks */ = {isa = PBXBuildFile; fileRef = 4FEBCE9D21D87CCE00DBDDF9 /* MapKit.framework */; };
		FD1F0E3D558372CFFAFC24F1 /* Pods_googleSearchPlaces.framework in Frameworks */ = {isa = PBXBuildFile; fileRef = 82E4A840E41C6170E135826E /* Pods_googleSearchPlaces.framework */; };
/* End PBXBuildFile section */

/* Begin PBXFileReference section */
		4FEBCE8721D878F000DBDDF9 /* googleSearchPlaces.app */ = {isa = PBXFileReference; explicitFileType = wrapper.application; includeInIndex = 0; path = googleSearchPlaces.app; sourceTree = BUILT_PRODUCTS_DIR; };
		4FEBCE8A21D878F000DBDDF9 /* AppDelegate.swift */ = {isa = PBXFileReference; lastKnownFileType = sourcecode.swift; path = AppDelegate.swift; sourceTree = "<group>"; };
		4FEBCE8C21D878F000DBDDF9 /* ViewController.swift */ = {isa = PBXFileReference; lastKnownFileType = sourcecode.swift; path = ViewController.swift; sourceTree = "<group>"; };
		4FEBCE8F21D878F000DBDDF9 /* Base */ = {isa = PBXFileReference; lastKnownFileType = file.storyboard; name = Base; path = Base.lproj/Main.storyboard; sourceTree = "<group>"; };
		4FEBCE9121D878F000DBDDF9 /* Assets.xcassets */ = {isa = PBXFileReference; lastKnownFileType = folder.assetcatalog; path = Assets.xcassets; sourceTree = "<group>"; };
		4FEBCE9421D878F000DBDDF9 /* Base */ = {isa = PBXFileReference; lastKnownFileType = file.storyboard; name = Base; path = Base.lproj/LaunchScreen.storyboard; sourceTree = "<group>"; };
		4FEBCE9621D878F000DBDDF9 /* Info.plist */ = {isa = PBXFileReference; lastKnownFileType = text.plist.xml; path = Info.plist; sourceTree = "<group>"; };
		4FEBCE9D21D87CCE00DBDDF9 /* MapKit.framework */ = {isa = PBXFileReference; lastKnownFileType = wrapper.framework; name = MapKit.framework; path = System/Library/Frameworks/MapKit.framework; sourceTree = SDKROOT; };
		82E4A840E41C6170E135826E /* Pods_googleSearchPlaces.framework */ = {isa = PBXFileReference; explicitFileType = wrapper.framework; includeInIndex = 0; path = Pods_googleSearchPlaces.framework; sourceTree = BUILT_PRODUCTS_DIR; };
		BAA89C709988E636B6F72B4A /* Pods-googleSearchPlaces.debug.xcconfig */ = {isa = PBXFileReference; includeInIndex = 1; lastKnownFileType = text.xcconfig; name = "Pods-googleSearchPlaces.debug.xcconfig"; path = "Pods/Target Support Files/Pods-googleSearchPlaces/Pods-googleSearchPlaces.debug.xcconfig"; sourceTree = "<group>"; };
		E1ED91D7F3A49B968367580C /* Pods-googleSearchPlaces.release.xcconfig */ = {isa = PBXFileReference; includeInIndex = 1; lastKnownFileType = text.xcconfig; name = "Pods-googleSearchPlaces.release.xcconfig"; path = "Pods/Target Support Files/Pods-googleSearchPlaces/Pods-googleSearchPlaces.release.xcconfig"; sourceTree = "<group>"; };
/* End PBXFileReference section */

/* Begin PBXFrameworksBuildPhase section */
		4FEBCE8421D878F000DBDDF9 /* Frameworks */ = {
			isa = PBXFrameworksBuildPhase;
			buildActionMask = 2147483647;
			files = (
				4FEBCE9E21D87CCE00DBDDF9 /* MapKit.framework in Frameworks */,
				FD1F0E3D558372CFFAFC24F1 /* Pods_googleSearchPlaces.framework in Frameworks */,
			);
			runOnlyForDeploymentPostprocessing = 0;
		};
/* End PBXFrameworksBuildPhase section */

/* Begin PBXGroup section */
		006512E4D25F40A3F62F62B9 /* Pods */ = {
			isa = PBXGroup;
			children = (
				BAA89C709988E636B6F72B4A /* Pods-googleSearchPlaces.debug.xcconfig */,
				E1ED91D7F3A49B968367580C /* Pods-googleSearchPlaces.release.xcconfig */,
			);
			name = Pods;
			sourceTree = "<group>";
		};
		4FEBCE7E21D878F000DBDDF9 = {
			isa = PBXGroup;
			children = (
				4FEBCE8921D878F000DBDDF9 /* googleSearchPlaces */,
				4FEBCE8821D878F000DBDDF9 /* Products */,
				4FEBCE9C21D87CCD00DBDDF9 /* Frameworks */,
				006512E4D25F40A3F62F62B9 /* Pods */,
			);
			sourceTree = "<group>";
		};
		4FEBCE8821D878F000DBDDF9 /* Products */ = {
			isa = PBXGroup;
			children = (
				4FEBCE8721D878F000DBDDF9 /* googleSearchPlaces.app */,
			);
			name = Products;
			sourceTree = "<group>";
		};
		4FEBCE8921D878F000DBDDF9 /* googleSearchPlaces */ = {
			isa = PBXGroup;
			children = (
				4FEBCE8A21D878F000DBDDF9 /* AppDelegate.swift */,
				4FEBCE8C21D878F000DBDDF9 /* ViewController.swift */,
				4FEBCE8E21D878F000DBDDF9 /* Main.storyboard */,
				4FEBCE9121D878F000DBDDF9 /* Assets.xcassets */,
				4FEBCE9321D878F000DBDDF9 /* LaunchScreen.storyboard */,
				4FEBCE9621D878F000DBDDF9 /* Info.plist */,
			);
			path = googleSearchPlaces;
			sourceTree = "<group>";
		};
		4FEBCE9C21D87CCD00DBDDF9 /* Frameworks */ = {
			isa = PBXGroup;
			children = (
				4FEBCE9D21D87CCE00DBDDF9 /* MapKit.framework */,
				82E4A840E41C6170E135826E /* Pods_googleSearchPlaces.framework */,
			);
			name = Frameworks;
			sourceTree = "<group>";
		};
/* End PBXGroup section */

/* Begin PBXNativeTarget section */
		4FEBCE8621D878F000DBDDF9 /* googleSearchPlaces */ = {
			isa = PBXNativeTarget;
			buildConfigurationList = 4FEBCE9921D878F000DBDDF9 /* Build configuration list for PBXNativeTarget "googleSearchPlaces" */;
			buildPhases = (
				C214808C5ED0D9571473C9FD /* [CP] Check Pods Manifest.lock */,
				4FEBCE8321D878F000DBDDF9 /* Sources */,
				4FEBCE8421D878F000DBDDF9 /* Frameworks */,
				4FEBCE8521D878F000DBDDF9 /* Resources */,
				D39253C6A4D9BFC6B5AF756F /* [CP] Embed Pods Frameworks */,
			);
			buildRules = (
			);
			dependencies = (
			);
			name = googleSearchPlaces;
			productName = googleSearchPlaces;
			productReference = 4FEBCE8721D878F000DBDDF9 /* googleSearchPlaces.app */;
			productType = "com.apple.product-type.application";
		};
/* End PBXNativeTarget section */

/* Begin PBXProject section */
		4FEBCE7F21D878F000DBDDF9 /* Project object */ = {
			isa = PBXProject;
			attributes = {
				LastSwiftUpdateCheck = 0920;
				LastUpgradeCheck = 0920;
				ORGANIZATIONNAME = tops;
				TargetAttributes = {
					4FEBCE8621D878F000DBDDF9 = {
						CreatedOnToolsVersion = 9.2;
						ProvisioningStyle = Automatic;
					};
				};
			};
			buildConfigurationList = 4FEBCE8221D878F000DBDDF9 /* Build configuration list for PBXProject "googleSearchPlaces" */;
			compatibilityVersion = "Xcode 8.0";
			developmentRegion = en;
			hasScannedForEncodings = 0;
			knownRegions = (
				en,
				Base,
			);
			mainGroup = 4FEBCE7E21D878F000DBDDF9;
			productRefGroup = 4FEBCE8821D878F000DBDDF9 /* Products */;
			projectDirPath = "";
			projectRoot = "";
			targets = (
				4FEBCE8621D878F000DBDDF9 /* googleSearchPlaces */,
			);
		};
/* End PBXProject section */

/* Begin PBXResourcesBuildPhase section */
		4FEBCE8521D878F000DBDDF9 /* Resources */ = {
			isa = PBXResourcesBuildPhase;
			buildActionMask = 2147483647;
			files = (
				4FEBCE9521D878F000DBDDF9 /* LaunchScreen.storyboard in Resources */,
				4FEBCE9221D878F000DBDDF9 /* Assets.xcassets in Resources */,
				4FEBCE9021D878F000DBDDF9 /* Main.storyboard in Resources */,
			);
			runOnlyForDeploymentPostprocessing = 0;
		};
/* End PBXResourcesBuildPhase section */

/* Begin PBXShellScriptBuildPhase section */
		C214808C5ED0D9571473C9FD /* [CP] Check Pods Manifest.lock */ = {
			isa = PBXShellScriptBuildPhase;
			buildActionMask = 2147483647;
			files = (
			);
			inputPaths = (
				"${PODS_PODFILE_DIR_PATH}/Podfile.lock",
				"${PODS_ROOT}/Manifest.lock",
			);
			name = "[CP] Check Pods Manifest.lock";
			outputPaths = (
				"$(DERIVED_FILE_DIR)/Pods-googleSearchPlaces-checkManifestLockResult.txt",
			);
			runOnlyForDeploymentPostprocessing = 0;
			shellPath = /bin/sh;
			shellScript = "diff \"${PODS_PODFILE_DIR_PATH}/Podfile.lock\" \"${PODS_ROOT}/Manifest.lock\" > /dev/null\nif [ $? != 0 ] ; then\n    # print error to STDERR\n    echo \"error: The sandbox is not in sync with the Podfile.lock. Run 'pod install' or update your CocoaPods installation.\" >&2\n    exit 1\nfi\n# This output is used by Xcode 'outputs' to avoid re-running this script phase.\necho \"SUCCESS\" > \"${SCRIPT_OUTPUT_FILE_0}\"\n";
			showEnvVarsInLog = 0;
		};
		D39253C6A4D9BFC6B5AF756F /* [CP] Embed Pods Frameworks */ = {
			isa = PBXShellScriptBuildPhase;
			buildActionMask = 2147483647;
			files = (
			);
			inputPaths = (
				"${SRCROOT}/Pods/Target Support Files/Pods-googleSearchPlaces/Pods-googleSearchPlaces-frameworks.sh",
				"${BUILT_PRODUCTS_DIR}/SwiftyJSON/SwiftyJSON.framework",
			);
			name = "[CP] Embed Pods Frameworks";
			outputPaths = (
				"${TARGET_BUILD_DIR}/${FRAMEWORKS_FOLDER_PATH}/SwiftyJSON.framework",
			);
			runOnlyForDeploymentPostprocessing = 0;
			shellPath = /bin/sh;
			shellScript = "\"${SRCROOT}/Pods/Target Support Files/Pods-googleSearchPlaces/Pods-googleSearchPlaces-frameworks.sh\"\n";
			showEnvVarsInLog = 0;
		};
/* End PBXShellScriptBuildPhase section */

/* Begin PBXSourcesBuildPhase section */
		4FEBCE8321D878F000DBDDF9 /* Sources */ = {
			isa = PBXSourcesBuildPhase;
			buildActionMask = 2147483647;
			files = (
				4FEBCE8D21D878F000DBDDF9 /* ViewController.swift in Sources */,
				4FEBCE8B21D878F000DBDDF9 /* AppDelegate.swift in Sources */,
			);
			runOnlyForDeploymentPostprocessing = 0;
		};
/* End PBXSourcesBuildPhase section */

/* Begin PBXVariantGroup section */
		4FEBCE8E21D878F000DBDDF9 /* Main.storyboard */ = {
			isa = PBXVariantGroup;
			children = (
				4FEBCE8F21D878F000DBDDF9 /* Base */,
			);
			name = Main.storyboard;
			sourceTree = "<group>";
		};
		4FEBCE9321D878F000DBDDF9 /* LaunchScreen.storyboard */ = {
			isa = PBXVariantGroup;
			children = (
				4FEBCE9421D878F000DBDDF9 /* Base */,
			);
			name = LaunchScreen.storyboard;
			sourceTree = "<group>";
		};
/* End PBXVariantGroup section */

/* Begin XCBuildConfiguration section */
		4FEBCE9721D878F000DBDDF9 /* Debug */ = {
			isa = XCBuildConfiguration;
			buildSettings = {
				ALWAYS_SEARCH_USER_PATHS = NO;
				CLANG_ANALYZER_NONNULL = YES;
				CLANG_ANALYZER_NUMBER_OBJECT_CONVERSION = YES_AGGRESSIVE;
				CLANG_CXX_LANGUAGE_STANDARD = "gnu++14";
				CLANG_CXX_LIBRARY = "libc++";
				CLANG_ENABLE_MODULES = YES;
				CLANG_ENABLE_OBJC_ARC = YES;
				CLANG_WARN_BLOCK_CAPTURE_AUTORELEASING = YES;
				CLANG_WARN_BOOL_CONVERSION = YES;
				CLANG_WARN_COMMA = YES;
				CLANG_WARN_CONSTANT_CONVERSION = YES;
				CLANG_WARN_DIRECT_OBJC_ISA_USAGE = YES_ERROR;
				CLANG_WARN_DOCUMENTATION_COMMENTS = YES;
				CLANG_WARN_EMPTY_BODY = YES;
				CLANG_WARN_ENUM_CONVERSION = YES;
				CLANG_WARN_INFINITE_RECURSION = YES;
				CLANG_WARN_INT_CONVERSION = YES;
				CLANG_WARN_NON_LITERAL_NULL_CONVERSION = YES;
				CLANG_WARN_OBJC_LITERAL_CONVERSION = YES;
				CLANG_WARN_OBJC_ROOT_CLASS = YES_ERROR;
				CLANG_WARN_RANGE_LOOP_ANALYSIS = YES;
				CLANG_WARN_STRICT_PROTOTYPES = YES;
				CLANG_WARN_SUSPICIOUS_MOVE = YES;
				CLANG_WARN_UNGUARDED_AVAILABILITY = YES_AGGRESSIVE;
				CLANG_WARN_UNREACHABLE_CODE = YES;
				CLANG_WARN__DUPLICATE_METHOD_MATCH = YES;
				CODE_SIGN_IDENTITY = "iPhone Developer";
				COPY_PHASE_STRIP = NO;
				DEBUG_INFORMATION_FORMAT = dwarf;
				ENABLE_STRICT_OBJC_MSGSEND = YES;
				ENABLE_TESTABILITY = YES;
				GCC_C_LANGUAGE_STANDARD = gnu11;
				GCC_DYNAMIC_NO_PIC = NO;
				GCC_NO_COMMON_BLOCKS = YES;
				GCC_OPTIMIZATION_LEVEL = 0;
				GCC_PREPROCESSOR_DEFINITIONS = (
					"DEBUG=1",
					"$(inherited)",
				);
				GCC_WARN_64_TO_32_BIT_CONVERSION = YES;
				GCC_WARN_ABOUT_RETURN_TYPE = YES_ERROR;
				GCC_WARN_UNDECLARED_SELECTOR = YES;
				GCC_WARN_UNINITIALIZED_AUTOS = YES_AGGRESSIVE;
				GCC_WARN_UNUSED_FUNCTION = YES;
				GCC_WARN_UNUSED_VARIABLE = YES;
				IPHONEOS_DEPLOYMENT_TARGET = 11.2;
				MTL_ENABLE_DEBUG_INFO = YES;
				ONLY_ACTIVE_ARCH = YES;
				SDKROOT = iphoneos;
				SWIFT_ACTIVE_COMPILATION_CONDITIONS = DEBUG;
				SWIFT_OPTIMIZATION_LEVEL = "-Onone";
			};
			name = Debug;
		};
		4FEBCE9821D878F000DBDDF9 /* Release */ = {
			isa = XCBuildConfiguration;
			buildSettings = {
				ALWAYS_SEARCH_USER_PATHS = NO;
				CLANG_ANALYZER_NONNULL = YES;
				CLANG_ANALYZER_NUMBER_OBJECT_CONVERSION = YES_AGGRESSIVE;
				CLANG_CXX_LANGUAGE_STANDARD = "gnu++14";
				CLANG_CXX_LIBRARY = "libc++";
				CLANG_ENABLE_MODULES = YES;
				CLANG_ENABLE_OBJC_ARC = YES;
				CLANG_WARN_BLOCK_CAPTURE_AUTORELEASING = YES;
				CLANG_WARN_BOOL_CONVERSION = YES;
				CLANG_WARN_COMMA = YES;
				CLANG_WARN_CONSTANT_CONVERSION = YES;
				CLANG_WARN_DIRECT_OBJC_ISA_USAGE = YES_ERROR;
				CLANG_WARN_DOCUMENTATION_COMMENTS = YES;
				CLANG_WARN_EMPTY_BODY = YES;
				CLANG_WARN_ENUM_CONVERSION = YES;
				CLANG_WARN_INFINITE_RECURSION = YES;
				CLANG_WARN_INT_CONVERSION = YES;
				CLANG_WARN_NON_LITERAL_NULL_CONVERSION = YES;
				CLANG_WARN_OBJC_LITERAL_CONVERSION = YES;
				CLANG_WARN_OBJC_ROOT_CLASS = YES_ERROR;
				CLANG_WARN_RANGE_LOOP_ANALYSIS = YES;
				CLANG_WARN_STRICT_PROTOTYPES = YES;
				CLANG_WARN_SUSPICIOUS_MOVE = YES;
				CLANG_WARN_UNGUARDED_AVAILABILITY = YES_AGGRESSIVE;
				CLANG_WARN_UNREACHABLE_CODE = YES;
				CLANG_WARN__DUPLICATE_METHOD_MATCH = YES;
				CODE_SIGN_IDENTITY = "iPhone Developer";
				COPY_PHASE_STRIP = NO;
				DEBUG_INFORMATION_FORMAT = "dwarf-with-dsym";
				ENABLE_NS_ASSERTIONS = NO;
				ENABLE_STRICT_OBJC_MSGSEND = YES;
				GCC_C_LANGUAGE_STANDARD = gnu11;
				GCC_NO_COMMON_BLOCKS = YES;
				GCC_WARN_64_TO_32_BIT_CONVERSION = YES;
				GCC_WARN_ABOUT_RETURN_TYPE = YES_ERROR;
				GCC_WARN_UNDECLARED_SELECTOR = YES;
				GCC_WARN_UNINITIALIZED_AUTOS = YES_AGGRESSIVE;
				GCC_WARN_UNUSED_FUNCTION = YES;
				GCC_WARN_UNUSED_VARIABLE = YES;
				IPHONEOS_DEPLOYMENT_TARGET = 11.2;
				MTL_ENABLE_DEBUG_INFO = NO;
				SDKROOT = iphoneos;
				SWIFT_OPTIMIZATION_LEVEL = "-Owholemodule";
				VALIDATE_PRODUCT = YES;
			};
			name = Release;
		};
		4FEBCE9A21D878F000DBDDF9 /* Debug */ = {
			isa = XCBuildConfiguration;
			baseConfigurationReference = BAA89C709988E636B6F72B4A /* Pods-googleSearchPlaces.debug.xcconfig */;
			buildSettings = {
				ASSETCATALOG_COMPILER_APPICON_NAME = AppIcon;
				CODE_SIGN_STYLE = Automatic;
				INFOPLIST_FILE = googleSearchPlaces/Info.plist;
				LD_RUNPATH_SEARCH_PATHS = "$(inherited) @executable_path/Frameworks";
				PRODUCT_BUNDLE_IDENTIFIER = bhadresh.googleSearchPlaces;
				PRODUCT_NAME = "$(TARGET_NAME)";
				SWIFT_VERSION = 4.0;
				TARGETED_DEVICE_FAMILY = "1,2";
			};
			name = Debug;
		};
		4FEBCE9B21D878F000DBDDF9 /* Release */ = {
			isa = XCBuildConfiguration;
			baseConfigurationReference = E1ED91D7F3A49B968367580C /* Pods-googleSearchPlaces.release.xcconfig */;
			buildSettings = {
				ASSETCATALOG_COMPILER_APPICON_NAME = AppIcon;
				CODE_SIGN_STYLE = Automatic;
				INFOPLIST_FILE = googleSearchPlaces/Info.plist;
				LD_RUNPATH_SEARCH_PATHS = "$(inherited) @executable_path/Frameworks";
				PRODUCT_BUNDLE_IDENTIFIER = bhadresh.googleSearchPlaces;
				PRODUCT_NAME = "$(TARGET_NAME)";
				SWIFT_VERSION = 4.0;
				TARGETED_DEVICE_FAMILY = "1,2";
			};
			name = Release;
		};
/* End XCBuildConfiguration section */

/* Begin XCConfigurationList section */
		4FEBCE8221D878F000DBDDF9 /* Build configuration list for PBXProject "googleSearchPlaces" */ = {
			isa = XCConfigurationList;
			buildConfigurations = (
				4FEBCE9721D878F000DBDDF9 /* Debug */,
				4FEBCE9821D878F000DBDDF9 /* Release */,
			);
			defaultConfigurationIsVisible = 0;
			defaultConfigurationName = Release;
		};
		4FEBCE9921D878F000DBDDF9 /* Build configuration list for PBXNativeTarget "googleSearchPlaces" */ = {
			isa = XCConfigurationList;
			buildConfigurations = (
				4FEBCE9A21D878F000DBDDF9 /* Debug */,
				4FEBCE9B21D878F000DBDDF9 /* Release */,
			);
			defaultConfigurationIsVisible = 0;
			defaultConfigurationName = Release;
		};
/* End XCConfigurationList section */
	};
	rootObject = 4FEBCE7F21D878F000DBDDF9 /* Project object */;
}
